
Microsoft Visual Studio Solution File, Format Version 12.00
# Visual Studio 15
VisualStudioVersion = 15.0.26730.8
MinimumVisualStudioVersion = 10.0.40219.1
Project("{FAE04EC0-301F-11D3-BF4B-00C04F79EFBC}") = "MyPatchV3.Android", "MyPatchV3\MyPatchV3.Android\MyPatchV3.Android.csproj", "{EE8BA50D-B733-438F-867F-8F6B89517562}"
EndProject
Project("{FAE04EC0-301F-11D3-BF4B-00C04F79EFBC}") = "MyPatchV3.iOS", "MyPatchV3\MyPatchV3.iOS\MyPatchV3.iOS.csproj", "{3C61739F-69BE-469F-9CD9-9C2956E6CD88}"
	ProjectSection(ProjectDependencies) = postProject
		{700B2CAB-80EA-482F-8297-9D03DB0583BF} = {700B2CAB-80EA-482F-8297-9D03DB0583BF}
	EndProjectSection
EndProject
Project("{9A19103F-16F7-4668-BE54-9A1E7A4F7556}") = "MyPatchV3.Core", "MyPatchV3\MyPatchV3.Core\MyPatchV3.Core.csproj", "{EE27903B-3D3E-40B7-84BE-47F05282294A}"
EndProject
Project("{9A19103F-16F7-4668-BE54-9A1E7A4F7556}") = "MyPatchV3.UI", "MyPatchV3\MyPatchV3.UI\MyPatchV3.UI.csproj", "{700B2CAB-80EA-482F-8297-9D03DB0583BF}"
EndProject
Global
	GlobalSection(SolutionConfigurationPlatforms) = preSolution
		Ad-Hoc|Any CPU = Ad-Hoc|Any CPU
		Ad-Hoc|ARM = Ad-Hoc|ARM
		Ad-Hoc|iPhone = Ad-Hoc|iPhone
		Ad-Hoc|iPhoneSimulator = Ad-Hoc|iPhoneSimulator
		Ad-Hoc|x64 = Ad-Hoc|x64
		Ad-Hoc|x86 = Ad-Hoc|x86
		AppStore|Any CPU = AppStore|Any CPU
		AppStore|ARM = AppStore|ARM
		AppStore|iPhone = AppStore|iPhone
		AppStore|iPhoneSimulator = AppStore|iPhoneSimulator
		AppStore|x64 = AppStore|x64
		AppStore|x86 = AppStore|x86
		Debug|Any CPU = Debug|Any CPU
		Debug|ARM = Debug|ARM
		Debug|iPhone = Debug|iPhone
		Debug|iPhoneSimulator = Debug|iPhoneSimulator
		Debug|x64 = Debug|x64
		Debug|x86 = Debug|x86
		Release|Any CPU = Release|Any CPU
		Release|ARM = Release|ARM
		Release|iPhone = Release|iPhone
		Release|iPhoneSimulator = Release|iPhoneSimulator
		Release|x64 = Release|x64
		Release|x86 = Release|x86
	EndGlobalSection
	GlobalSection(ProjectConfigurationPlatforms) = postSolution
		{EE8BA50D-B733-438F-867F-8F6B89517562}.Ad-Hoc|Any CPU.ActiveCfg = Release|Any CPU
		{EE8BA50D-B733-438F-867F-8F6B89517562}.Ad-Hoc|Any CPU.Build.0 = Release|Any CPU
		{EE8BA50D-B733-438F-867F-8F6B89517562}.Ad-Hoc|Any CPU.Deploy.0 = Release|Any CPU
		{EE8BA50D-B733-438F-867F-8F6B89517562}.Ad-Hoc|ARM.ActiveCfg = Release|Any CPU
		{EE8BA50D-B733-438F-867F-8F6B89517562}.Ad-Hoc|ARM.Build.0 = Release|Any CPU
		{EE8BA50D-B733-438F-867F-8F6B89517562}.Ad-Hoc|ARM.Deploy.0 = Release|Any CPU
		{EE8BA50D-B733-438F-867F-8F6B89517562}.Ad-Hoc|iPhone.ActiveCfg = Release|Any CPU
		{EE8BA50D-B733-438F-867F-8F6B89517562}.Ad-Hoc|iPhone.Build.0 = Release|Any CPU
		{EE8BA50D-B733-438F-867F-8F6B89517562}.Ad-Hoc|iPhone.Deploy.0 = Release|Any CPU
		{EE8BA50D-B733-438F-867F-8F6B89517562}.Ad-Hoc|iPhoneSimulator.ActiveCfg = Release|Any CPU
		{EE8BA50D-B733-438F-867F-8F6B89517562}.Ad-Hoc|iPhoneSimulator.Build.0 = Release|Any CPU
		{EE8BA50D-B733-438F-867F-8F6B89517562}.Ad-Hoc|iPhoneSimulator.Deploy.0 = Release|Any CPU
		{EE8BA50D-B733-438F-867F-8F6B89517562}.Ad-Hoc|x64.ActiveCfg = Release|Any CPU
		{EE8BA50D-B733-438F-867F-8F6B89517562}.Ad-Hoc|x64.Build.0 = Release|Any CPU
		{EE8BA50D-B733-438F-867F-8F6B89517562}.Ad-Hoc|x64.Deploy.0 = Release|Any CPU
		{EE8BA50D-B733-438F-867F-8F6B89517562}.Ad-Hoc|x86.ActiveCfg = Release|Any CPU
		{EE8BA50D-B733-438F-867F-8F6B89517562}.Ad-Hoc|x86.Build.0 = Release|Any CPU
		{EE8BA50D-B733-438F-867F-8F6B89517562}.Ad-Hoc|x86.Deploy.0 = Release|Any CPU
		{EE8BA50D-B733-438F-867F-8F6B89517562}.AppStore|Any CPU.ActiveCfg = Release|Any CPU
		{EE8BA50D-B733-438F-867F-8F6B89517562}.AppStore|Any CPU.Build.0 = Release|Any CPU
		{EE8BA50D-B733-438F-867F-8F6B89517562}.AppStore|Any CPU.Deploy.0 = Release|Any CPU
		{EE8BA50D-B733-438F-867F-8F6B89517562}.AppStore|ARM.ActiveCfg = Release|Any CPU
		{EE8BA50D-B733-438F-867F-8F6B89517562}.AppStore|ARM.Build.0 = Release|Any CPU
		{EE8BA50D-B733-438F-867F-8F6B89517562}.AppStore|ARM.Deploy.0 = Release|Any CPU
		{EE8BA50D-B733-438F-867F-8F6B89517562}.AppStore|iPhone.ActiveCfg = Release|Any CPU
		{EE8BA50D-B733-438F-867F-8F6B89517562}.AppStore|iPhone.Build.0 = Release|Any CPU
		{EE8BA50D-B733-438F-867F-8F6B89517562}.AppStore|iPhone.Deploy.0 = Release|Any CPU
		{EE8BA50D-B733-438F-867F-8F6B89517562}.AppStore|iPhoneSimulator.ActiveCfg = Release|Any CPU
		{EE8BA50D-B733-438F-867F-8F6B89517562}.AppStore|iPhoneSimulator.Build.0 = Release|Any CPU
		{EE8BA50D-B733-438F-867F-8F6B89517562}.AppStore|iPhoneSimulator.Deploy.0 = Release|Any CPU
		{EE8BA50D-B733-438F-867F-8F6B89517562}.AppStore|x64.ActiveCfg = Release|Any CPU
		{EE8BA50D-B733-438F-867F-8F6B89517562}.AppStore|x64.Build.0 = Release|Any CPU
		{EE8BA50D-B733-438F-867F-8F6B89517562}.AppStore|x64.Deploy.0 = Release|Any CPU
		{EE8BA50D-B733-438F-867F-8F6B89517562}.AppStore|x86.ActiveCfg = Release|Any CPU
		{EE8BA50D-B733-438F-867F-8F6B89517562}.AppStore|x86.Build.0 = Release|Any CPU
		{EE8BA50D-B733-438F-867F-8F6B89517562}.AppStore|x86.Deploy.0 = Release|Any CPU
		{EE8BA50D-B733-438F-867F-8F6B89517562}.Debug|Any CPU.ActiveCfg = Debug|Any CPU
		{EE8BA50D-B733-438F-867F-8F6B89517562}.Debug|Any CPU.Build.0 = Debug|Any CPU
		{EE8BA50D-B733-438F-867F-8F6B89517562}.Debug|Any CPU.Deploy.0 = Debug|Any CPU
		{EE8BA50D-B733-438F-867F-8F6B89517562}.Debug|ARM.ActiveCfg = Debug|Any CPU
		{EE8BA50D-B733-438F-867F-8F6B89517562}.Debug|ARM.Build.0 = Debug|Any CPU
		{EE8BA50D-B733-438F-867F-8F6B89517562}.Debug|ARM.Deploy.0 = Debug|Any CPU
		{EE8BA50D-B733-438F-867F-8F6B89517562}.Debug|iPhone.ActiveCfg = Debug|Any CPU
		{EE8BA50D-B733-438F-867F-8F6B89517562}.Debug|iPhone.Build.0 = Debug|Any CPU
		{EE8BA50D-B733-438F-867F-8F6B89517562}.Debug|iPhone.Deploy.0 = Debug|Any CPU
		{EE8BA50D-B733-438F-867F-8F6B89517562}.Debug|iPhoneSimulator.ActiveCfg = Debug|Any CPU
		{EE8BA50D-B733-438F-867F-8F6B89517562}.Debug|iPhoneSimulator.Build.0 = Debug|Any CPU
		{EE8BA50D-B733-438F-867F-8F6B89517562}.Debug|iPhoneSimulator.Deploy.0 = Debug|Any CPU
		{EE8BA50D-B733-438F-867F-8F6B89517562}.Debug|x64.ActiveCfg = Debug|Any CPU
		{EE8BA50D-B733-438F-867F-8F6B89517562}.Debug|x64.Build.0 = Debug|Any CPU
		{EE8BA50D-B733-438F-867F-8F6B89517562}.Debug|x64.Deploy.0 = Debug|Any CPU
		{EE8BA50D-B733-438F-867F-8F6B89517562}.Debug|x86.ActiveCfg = Debug|Any CPU
		{EE8BA50D-B733-438F-867F-8F6B89517562}.Debug|x86.Build.0 = Debug|Any CPU
		{EE8BA50D-B733-438F-867F-8F6B89517562}.Debug|x86.Deploy.0 = Debug|Any CPU
		{EE8BA50D-B733-438F-867F-8F6B89517562}.Release|Any CPU.ActiveCfg = Release|Any CPU
		{EE8BA50D-B733-438F-867F-8F6B89517562}.Release|Any CPU.Build.0 = Release|Any CPU
		{EE8BA50D-B733-438F-867F-8F6B89517562}.Release|Any CPU.Deploy.0 = Release|Any CPU
		{EE8BA50D-B733-438F-867F-8F6B89517562}.Release|ARM.ActiveCfg = Release|Any CPU
		{EE8BA50D-B733-438F-867F-8F6B89517562}.Release|ARM.Build.0 = Release|Any CPU
		{EE8BA50D-B733-438F-867F-8F6B89517562}.Release|ARM.Deploy.0 = Release|Any CPU
		{EE8BA50D-B733-438F-867F-8F6B89517562}.Release|iPhone.ActiveCfg = Release|Any CPU
		{EE8BA50D-B733-438F-867F-8F6B89517562}.Release|iPhone.Build.0 = Release|Any CPU
		{EE8BA50D-B733-438F-867F-8F6B89517562}.Release|iPhone.Deploy.0 = Release|Any CPU
		{EE8BA50D-B733-438F-867F-8F6B89517562}.Release|iPhoneSimulator.ActiveCfg = Release|Any CPU
		{EE8BA50D-B733-438F-867F-8F6B89517562}.Release|iPhoneSimulator.Build.0 = Release|Any CPU
		{EE8BA50D-B733-438F-867F-8F6B89517562}.Release|iPhoneSimulator.Deploy.0 = Release|Any CPU
		{EE8BA50D-B733-438F-867F-8F6B89517562}.Release|x64.ActiveCfg = Release|Any CPU
		{EE8BA50D-B733-438F-867F-8F6B89517562}.Release|x64.Build.0 = Release|Any CPU
		{EE8BA50D-B733-438F-867F-8F6B89517562}.Release|x64.Deploy.0 = Release|Any CPU
		{EE8BA50D-B733-438F-867F-8F6B89517562}.Release|x86.ActiveCfg = Release|Any CPU
		{EE8BA50D-B733-438F-867F-8F6B89517562}.Release|x86.Build.0 = Release|Any CPU
		{EE8BA50D-B733-438F-867F-8F6B89517562}.Release|x86.Deploy.0 = Release|Any CPU
		{3C61739F-69BE-469F-9CD9-9C2956E6CD88}.Ad-Hoc|Any CPU.ActiveCfg = Ad-Hoc|iPhone
		{3C61739F-69BE-469F-9CD9-9C2956E6CD88}.Ad-Hoc|ARM.ActiveCfg = Ad-Hoc|iPhone
		{3C61739F-69BE-469F-9CD9-9C2956E6CD88}.Ad-Hoc|iPhone.ActiveCfg = Ad-Hoc|iPhone
		{3C61739F-69BE-469F-9CD9-9C2956E6CD88}.Ad-Hoc|iPhone.Build.0 = Ad-Hoc|iPhone
		{3C61739F-69BE-469F-9CD9-9C2956E6CD88}.Ad-Hoc|iPhoneSimulator.ActiveCfg = Ad-Hoc|iPhoneSimulator
		{3C61739F-69BE-469F-9CD9-9C2956E6CD88}.Ad-Hoc|iPhoneSimulator.Build.0 = Ad-Hoc|iPhoneSimulator
		{3C61739F-69BE-469F-9CD9-9C2956E6CD88}.Ad-Hoc|x64.ActiveCfg = Ad-Hoc|iPhone
		{3C61739F-69BE-469F-9CD9-9C2956E6CD88}.Ad-Hoc|x86.ActiveCfg = Ad-Hoc|iPhone
		{3C61739F-69BE-469F-9CD9-9C2956E6CD88}.AppStore|Any CPU.ActiveCfg = AppStore|iPhone
		{3C61739F-69BE-469F-9CD9-9C2956E6CD88}.AppStore|ARM.ActiveCfg = AppStore|iPhone
		{3C61739F-69BE-469F-9CD9-9C2956E6CD88}.AppStore|iPhone.ActiveCfg = AppStore|iPhone
		{3C61739F-69BE-469F-9CD9-9C2956E6CD88}.AppStore|iPhone.Build.0 = AppStore|iPhone
		{3C61739F-69BE-469F-9CD9-9C2956E6CD88}.AppStore|iPhoneSimulator.ActiveCfg = AppStore|iPhoneSimulator
		{3C61739F-69BE-469F-9CD9-9C2956E6CD88}.AppStore|iPhoneSimulator.Build.0 = AppStore|iPhoneSimulator
		{3C61739F-69BE-469F-9CD9-9C2956E6CD88}.AppStore|x64.ActiveCfg = AppStore|iPhone
		{3C61739F-69BE-469F-9CD9-9C2956E6CD88}.AppStore|x86.ActiveCfg = AppStore|iPhone
		{3C61739F-69BE-469F-9CD9-9C2956E6CD88}.Debug|Any CPU.ActiveCfg = Debug|iPhone
		{3C61739F-69BE-469F-9CD9-9C2956E6CD88}.Debug|ARM.ActiveCfg = Debug|iPhone
		{3C61739F-69BE-469F-9CD9-9C2956E6CD88}.Debug|iPhone.ActiveCfg = Debug|iPhone
		{3C61739F-69BE-469F-9CD9-9C2956E6CD88}.Debug|iPhone.Build.0 = Debug|iPhone
		{3C61739F-69BE-469F-9CD9-9C2956E6CD88}.Debug|iPhoneSimulator.ActiveCfg = Debug|iPhoneSimulator
		{3C61739F-69BE-469F-9CD9-9C2956E6CD88}.Debug|iPhoneSimulator.Build.0 = Debug|iPhoneSimulator
		{3C61739F-69BE-469F-9CD9-9C2956E6CD88}.Debug|x64.ActiveCfg = Debug|iPhone
		{3C61739F-69BE-469F-9CD9-9C2956E6CD88}.Debug|x86.ActiveCfg = Debug|iPhone
		{3C61739F-69BE-469F-9CD9-9C2956E6CD88}.Release|Any CPU.ActiveCfg = Release|iPhone
		{3C61739F-69BE-469F-9CD9-9C2956E6CD88}.Release|ARM.ActiveCfg = Release|iPhone
		{3C61739F-69BE-469F-9CD9-9C2956E6CD88}.Release|iPhone.ActiveCfg = Release|iPhone
		{3C61739F-69BE-469F-9CD9-9C2956E6CD88}.Release|iPhone.Build.0 = Release|iPhone
		{3C61739F-69BE-469F-9CD9-9C2956E6CD88}.Release|iPhoneSimulator.ActiveCfg = Release|iPhoneSimulator
		{3C61739F-69BE-469F-9CD9-9C2956E6CD88}.Release|iPhoneSimulator.Build.0 = Release|iPhoneSimulator
		{3C61739F-69BE-469F-9CD9-9C2956E6CD88}.Release|x64.ActiveCfg = Release|iPhone
		{3C61739F-69BE-469F-9CD9-9C2956E6CD88}.Release|x86.ActiveCfg = Release|iPhone
		{EE27903B-3D3E-40B7-84BE-47F05282294A}.Ad-Hoc|Any CPU.ActiveCfg = Debug|Any CPU
		{EE27903B-3D3E-40B7-84BE-47F05282294A}.Ad-Hoc|Any CPU.Build.0 = Debug|Any CPU
		{EE27903B-3D3E-40B7-84BE-47F05282294A}.Ad-Hoc|ARM.ActiveCfg = Debug|Any CPU
		{EE27903B-3D3E-40B7-84BE-47F05282294A}.Ad-Hoc|ARM.Build.0 = Debug|Any CPU
		{EE27903B-3D3E-40B7-84BE-47F05282294A}.Ad-Hoc|iPhone.ActiveCfg = Debug|Any CPU
		{EE27903B-3D3E-40B7-84BE-47F05282294A}.Ad-Hoc|iPhone.Build.0 = Debug|Any CPU
		{EE27903B-3D3E-40B7-84BE-47F05282294A}.Ad-Hoc|iPhoneSimulator.ActiveCfg = Debug|Any CPU
		{EE27903B-3D3E-40B7-84BE-47F05282294A}.Ad-Hoc|iPhoneSimulator.Build.0 = Debug|Any CPU
		{EE27903B-3D3E-40B7-84BE-47F05282294A}.Ad-Hoc|x64.ActiveCfg = Debug|Any CPU
		{EE27903B-3D3E-40B7-84BE-47F05282294A}.Ad-Hoc|x64.Build.0 = Debug|Any CPU
		{EE27903B-3D3E-40B7-84BE-47F05282294A}.Ad-Hoc|x86.ActiveCfg = Debug|Any CPU
		{EE27903B-3D3E-40B7-84BE-47F05282294A}.Ad-Hoc|x86.Build.0 = Debug|Any CPU
		{EE27903B-3D3E-40B7-84BE-47F05282294A}.AppStore|Any CPU.ActiveCfg = Debug|Any CPU
		{EE27903B-3D3E-40B7-84BE-47F05282294A}.AppStore|Any CPU.Build.0 = Debug|Any CPU
		{EE27903B-3D3E-40B7-84BE-47F05282294A}.AppStore|ARM.ActiveCfg = Debug|Any CPU
		{EE27903B-3D3E-40B7-84BE-47F05282294A}.AppStore|ARM.Build.0 = Debug|Any CPU
		{EE27903B-3D3E-40B7-84BE-47F05282294A}.AppStore|iPhone.ActiveCfg = Debug|Any CPU
		{EE27903B-3D3E-40B7-84BE-47F05282294A}.AppStore|iPhone.Build.0 = Debug|Any CPU
		{EE27903B-3D3E-40B7-84BE-47F05282294A}.AppStore|iPhoneSimulator.ActiveCfg = Debug|Any CPU
		{EE27903B-3D3E-40B7-84BE-47F05282294A}.AppStore|iPhoneSimulator.Build.0 = Debug|Any CPU
		{EE27903B-3D3E-40B7-84BE-47F05282294A}.AppStore|x64.ActiveCfg = Debug|Any CPU
		{EE27903B-3D3E-40B7-84BE-47F05282294A}.AppStore|x64.Build.0 = Debug|Any CPU
		{EE27903B-3D3E-40B7-84BE-47F05282294A}.AppStore|x86.ActiveCfg = Debug|Any CPU
		{EE27903B-3D3E-40B7-84BE-47F05282294A}.AppStore|x86.Build.0 = Debug|Any CPU
		{EE27903B-3D3E-40B7-84BE-47F05282294A}.Debug|Any CPU.ActiveCfg = Debug|Any CPU
		{EE27903B-3D3E-40B7-84BE-47F05282294A}.Debug|Any CPU.Build.0 = Debug|Any CPU
		{EE27903B-3D3E-40B7-84BE-47F05282294A}.Debug|ARM.ActiveCfg = Debug|Any CPU
		{EE27903B-3D3E-40B7-84BE-47F05282294A}.Debug|ARM.Build.0 = Debug|Any CPU
		{EE27903B-3D3E-40B7-84BE-47F05282294A}.Debug|iPhone.ActiveCfg = Debug|Any CPU
		{EE27903B-3D3E-40B7-84BE-47F05282294A}.Debug|iPhone.Build.0 = Debug|Any CPU
		{EE27903B-3D3E-40B7-84BE-47F05282294A}.Debug|iPhoneSimulator.ActiveCfg = Debug|Any CPU
		{EE27903B-3D3E-40B7-84BE-47F05282294A}.Debug|iPhoneSimulator.Build.0 = Debug|Any CPU
		{EE27903B-3D3E-40B7-84BE-47F05282294A}.Debug|x64.ActiveCfg = Debug|Any CPU
		{EE27903B-3D3E-40B7-84BE-47F05282294A}.Debug|x64.Build.0 = Debug|Any CPU
		{EE27903B-3D3E-40B7-84BE-47F05282294A}.Debug|x86.ActiveCfg = Debug|Any CPU
		{EE27903B-3D3E-40B7-84BE-47F05282294A}.Debug|x86.Build.0 = Debug|Any CPU
		{EE27903B-3D3E-40B7-84BE-47F05282294A}.Release|Any CPU.ActiveCfg = Release|Any CPU
		{EE27903B-3D3E-40B7-84BE-47F05282294A}.Release|Any CPU.Build.0 = Release|Any CPU
		{EE27903B-3D3E-40B7-84BE-47F05282294A}.Release|ARM.ActiveCfg = Release|Any CPU
		{EE27903B-3D3E-40B7-84BE-47F05282294A}.Release|ARM.Build.0 = Release|Any CPU
		{EE27903B-3D3E-40B7-84BE-47F05282294A}.Release|iPhone.ActiveCfg = Release|Any CPU
		{EE27903B-3D3E-40B7-84BE-47F05282294A}.Release|iPhone.Build.0 = Release|Any CPU
		{EE27903B-3D3E-40B7-84BE-47F05282294A}.Release|iPhoneSimulator.ActiveCfg = Release|Any CPU
		{EE27903B-3D3E-40B7-84BE-47F05282294A}.Release|iPhoneSimulator.Build.0 = Release|Any CPU
		{EE27903B-3D3E-40B7-84BE-47F05282294A}.Release|x64.ActiveCfg = Release|Any CPU
		{EE27903B-3D3E-40B7-84BE-47F05282294A}.Release|x64.Build.0 = Release|Any CPU
		{EE27903B-3D3E-40B7-84BE-47F05282294A}.Release|x86.ActiveCfg = Release|Any CPU
		{EE27903B-3D3E-40B7-84BE-47F05282294A}.Release|x86.Build.0 = Release|Any CPU
		{700B2CAB-80EA-482F-8297-9D03DB0583BF}.Ad-Hoc|Any CPU.ActiveCfg = Debug|Any CPU
		{700B2CAB-80EA-482F-8297-9D03DB0583BF}.Ad-Hoc|Any CPU.Build.0 = Debug|Any CPU
		{700B2CAB-80EA-482F-8297-9D03DB0583BF}.Ad-Hoc|ARM.ActiveCfg = Debug|Any CPU
		{700B2CAB-80EA-482F-8297-9D03DB0583BF}.Ad-Hoc|ARM.Build.0 = Debug|Any CPU
		{700B2CAB-80EA-482F-8297-9D03DB0583BF}.Ad-Hoc|iPhone.ActiveCfg = Debug|Any CPU
		{700B2CAB-80EA-482F-8297-9D03DB0583BF}.Ad-Hoc|iPhone.Build.0 = Debug|Any CPU
		{700B2CAB-80EA-482F-8297-9D03DB0583BF}.Ad-Hoc|iPhoneSimulator.ActiveCfg = Debug|Any CPU
		{700B2CAB-80EA-482F-8297-9D03DB0583BF}.Ad-Hoc|iPhoneSimulator.Build.0 = Debug|Any CPU
		{700B2CAB-80EA-482F-8297-9D03DB0583BF}.Ad-Hoc|x64.ActiveCfg = Debug|Any CPU
		{700B2CAB-80EA-482F-8297-9D03DB0583BF}.Ad-Hoc|x64.Build.0 = Debug|Any CPU
		{700B2CAB-80EA-482F-8297-9D03DB0583BF}.Ad-Hoc|x86.ActiveCfg = Debug|Any CPU
		{700B2CAB-80EA-482F-8297-9D03DB0583BF}.Ad-Hoc|x86.Build.0 = Debug|Any CPU
		{700B2CAB-80EA-482F-8297-9D03DB0583BF}.AppStore|Any CPU.ActiveCfg = Debug|Any CPU
		{700B2CAB-80EA-482F-8297-9D03DB0583BF}.AppStore|Any CPU.Build.0 = Debug|Any CPU
		{700B2CAB-80EA-482F-8297-9D03DB0583BF}.AppStore|ARM.ActiveCfg = Debug|Any CPU
		{700B2CAB-80EA-482F-8297-9D03DB0583BF}.AppStore|ARM.Build.0 = Debug|Any CPU
		{700B2CAB-80EA-482F-8297-9D03DB0583BF}.AppStore|iPhone.ActiveCfg = Debug|Any CPU
		{700B2CAB-80EA-482F-8297-9D03DB0583BF}.AppStore|iPhone.Build.0 = Debug|Any CPU
		{700B2CAB-80EA-482F-8297-9D03DB0583BF}.AppStore|iPhoneSimulator.ActiveCfg = Debug|Any CPU
		{700B2CAB-80EA-482F-8297-9D03DB0583BF}.AppStore|iPhoneSimulator.Build.0 = Debug|Any CPU
		{700B2CAB-80EA-482F-8297-9D03DB0583BF}.AppStore|x64.ActiveCfg = Debug|Any CPU
		{700B2CAB-80EA-482F-8297-9D03DB0583BF}.AppStore|x64.Build.0 = Debug|Any CPU
		{700B2CAB-80EA-482F-8297-9D03DB0583BF}.AppStore|x86.ActiveCfg = Debug|Any CPU
		{700B2CAB-80EA-482F-8297-9D03DB0583BF}.AppStore|x86.Build.0 = Debug|Any CPU
		{700B2CAB-80EA-482F-8297-9D03DB0583BF}.Debug|Any CPU.ActiveCfg = Debug|Any CPU
		{700B2CAB-80EA-482F-8297-9D03DB0583BF}.Debug|Any CPU.Build.0 = Debug|Any CPU
		{700B2CAB-80EA-482F-8297-9D03DB0583BF}.Debug|ARM.ActiveCfg = Debug|Any CPU
		{700B2CAB-80EA-482F-8297-9D03DB0583BF}.Debug|ARM.Build.0 = Debug|Any CPU
		{700B2CAB-80EA-482F-8297-9D03DB0583BF}.Debug|iPhone.ActiveCfg = Debug|Any CPU
		{700B2CAB-80EA-482F-8297-9D03DB0583BF}.Debug|iPhone.Build.0 = Debug|Any CPU
		{700B2CAB-80EA-482F-8297-9D03DB0583BF}.Debug|iPhoneSimulator.ActiveCfg = Debug|Any CPU
		{700B2CAB-80EA-482F-8297-9D03DB0583BF}.Debug|iPhoneSimulator.Build.0 = Debug|Any CPU
		{700B2CAB-80EA-482F-8297-9D03DB0583BF}.Debug|x64.ActiveCfg = Debug|Any CPU
		{700B2CAB-80EA-482F-8297-9D03DB0583BF}.Debug|x64.Build.0 = Debug|Any CPU
		{700B2CAB-80EA-482F-8297-9D03DB0583BF}.Debug|x86.ActiveCfg = Debug|Any CPU
		{700B2CAB-80EA-482F-8297-9D03DB0583BF}.Debug|x86.Build.0 = Debug|Any CPU
		{700B2CAB-80EA-482F-8297-9D03DB0583BF}.Release|Any CPU.ActiveCfg = Release|Any CPU
		{700B2CAB-80EA-482F-8297-9D03DB0583BF}.Release|Any CPU.Build.0 = Release|Any CPU
		{700B2CAB-80EA-482F-8297-9D03DB0583BF}.Release|ARM.ActiveCfg = Release|Any CPU
		{700B2CAB-80EA-482F-8297-9D03DB0583BF}.Release|ARM.Build.0 = Release|Any CPU
		{700B2CAB-80EA-482F-8297-9D03DB0583BF}.Release|iPhone.ActiveCfg = Release|Any CPU
		{700B2CAB-80EA-482F-8297-9D03DB0583BF}.Release|iPhone.Build.0 = Release|Any CPU
		{700B2CAB-80EA-482F-8297-9D03DB0583BF}.Release|iPhoneSimulator.ActiveCfg = Release|Any CPU
		{700B2CAB-80EA-482F-8297-9D03DB0583BF}.Release|iPhoneSimulator.Build.0 = Release|Any CPU
		{700B2CAB-80EA-482F-8297-9D03DB0583BF}.Release|x64.ActiveCfg = Release|Any CPU
		{700B2CAB-80EA-482F-8297-9D03DB0583BF}.Release|x64.Build.0 = Release|Any CPU
		{700B2CAB-80EA-482F-8297-9D03DB0583BF}.Release|x86.ActiveCfg = Release|Any CPU
		{700B2CAB-80EA-482F-8297-9D03DB0583BF}.Release|x86.Build.0 = Release|Any CPU
	EndGlobalSection
	GlobalSection(SolutionProperties) = preSolution
		HideSolutionNode = FALSE
	EndGlobalSection
	GlobalSection(ExtensibilityGlobals) = postSolution
		SolutionGuid = {7C9C4FEA-F75A-47D0-BF8C-91AD7395D7F8}
	EndGlobalSection
EndGlobal
